// !$*UTF8*$!
{
	archiveVersion = 1;
	classes = {
	};
	objectVersion = 46;
	objects = {

/* Begin PBXBuildFile section */
		4907B8321BC34C8000456DAB /* MapViewController.swift in Sources */ = {isa = PBXBuildFile; fileRef = 4907B8311BC34C8000456DAB /* MapViewController.swift */; settings = {ASSET_TAGS = (); }; };
		4907B8341BC34DC900456DAB /* MapKit.framework in Frameworks */ = {isa = PBXBuildFile; fileRef = 4907B8331BC34DC900456DAB /* MapKit.framework */; };
		4907B8361BC34E3900456DAB /* StudentLocationsServiceable.swift in Sources */ = {isa = PBXBuildFile; fileRef = 4907B8351BC34E3900456DAB /* StudentLocationsServiceable.swift */; settings = {ASSET_TAGS = (); }; };
		4907B8381BC3524700456DAB /* StudentLocation.swift in Sources */ = {isa = PBXBuildFile; fileRef = 4907B8371BC3524700456DAB /* StudentLocation.swift */; settings = {ASSET_TAGS = (); }; };
		4907B83A1BC3538E00456DAB /* FakeStudentLocationService.swift in Sources */ = {isa = PBXBuildFile; fileRef = 4907B8391BC3538E00456DAB /* FakeStudentLocationService.swift */; settings = {ASSET_TAGS = (); }; };
		4907B83C1BC3615500456DAB /* Random.swift in Sources */ = {isa = PBXBuildFile; fileRef = 4907B83B1BC3615500456DAB /* Random.swift */; settings = {ASSET_TAGS = (); }; };
		496354C71BD1C78400F41515 /* StudentLocationViewControllerBase.swift in Sources */ = {isa = PBXBuildFile; fileRef = 496354C61BD1C78400F41515 /* StudentLocationViewControllerBase.swift */; settings = {ASSET_TAGS = (); }; };
		496354C91BD1D6D200F41515 /* NewLocationViewController.swift in Sources */ = {isa = PBXBuildFile; fileRef = 496354C81BD1D6D200F41515 /* NewLocationViewController.swift */; settings = {ASSET_TAGS = (); }; };
		496354CB1BD4423700F41515 /* Locator.swift in Sources */ = {isa = PBXBuildFile; fileRef = 496354CA1BD4423700F41515 /* Locator.swift */; settings = {ASSET_TAGS = (); }; };
		4976A8711BBCB2210053C745 /* AppDelegate.swift in Sources */ = {isa = PBXBuildFile; fileRef = 4976A8701BBCB2210053C745 /* AppDelegate.swift */; };
		4976A8761BBCB2210053C745 /* Main.storyboard in Resources */ = {isa = PBXBuildFile; fileRef = 4976A8741BBCB2210053C745 /* Main.storyboard */; };
		4976A8791BBCB2210053C745 /* OnTheMap.xcdatamodeld in Sources */ = {isa = PBXBuildFile; fileRef = 4976A8771BBCB2210053C745 /* OnTheMap.xcdatamodeld */; };
		4976A87B1BBCB2210053C745 /* Assets.xcassets in Resources */ = {isa = PBXBuildFile; fileRef = 4976A87A1BBCB2210053C745 /* Assets.xcassets */; };
		4976A87E1BBCB2210053C745 /* LaunchScreen.storyboard in Resources */ = {isa = PBXBuildFile; fileRef = 4976A87C1BBCB2210053C745 /* LaunchScreen.storyboard */; };
		4976A8891BBCB2210053C745 /* OnTheMapTests.swift in Sources */ = {isa = PBXBuildFile; fileRef = 4976A8881BBCB2210053C745 /* OnTheMapTests.swift */; };
		4976A8941BBCB2210053C745 /* OnTheMapUITests.swift in Sources */ = {isa = PBXBuildFile; fileRef = 4976A8931BBCB2210053C745 /* OnTheMapUITests.swift */; };
		4976A8A21BBCBABB0053C745 /* LoginViewController.swift in Sources */ = {isa = PBXBuildFile; fileRef = 4976A8A11BBCBABB0053C745 /* LoginViewController.swift */; settings = {ASSET_TAGS = (); }; };
		4976A8A51BBCBDFB0053C745 /* LoginServiceable.swift in Sources */ = {isa = PBXBuildFile; fileRef = 4976A8A41BBCBDFB0053C745 /* LoginServiceable.swift */; settings = {ASSET_TAGS = (); }; };
		4976A8A71BBCC1DA0053C745 /* LoginSession.swift in Sources */ = {isa = PBXBuildFile; fileRef = 4976A8A61BBCC1DA0053C745 /* LoginSession.swift */; settings = {ASSET_TAGS = (); }; };
		4976A8AA1BBCC3C40053C745 /* FakeSessionService.swift in Sources */ = {isa = PBXBuildFile; fileRef = 4976A8A91BBCC3C40053C745 /* FakeSessionService.swift */; settings = {ASSET_TAGS = (); }; };
		497AABD51BD5C12700546714 /* SingleButtonAlertMessager.swift in Sources */ = {isa = PBXBuildFile; fileRef = 497AABD41BD5C12700546714 /* SingleButtonAlertMessager.swift */; settings = {ASSET_TAGS = (); }; };
		497AABD71BD5D11800546714 /* MapNewLocationViewController.swift in Sources */ = {isa = PBXBuildFile; fileRef = 497AABD61BD5D11800546714 /* MapNewLocationViewController.swift */; settings = {ASSET_TAGS = (); }; };
		49B94B4D1BD727C400BED7F5 /* RawUdacityServices.swift in Sources */ = {isa = PBXBuildFile; fileRef = 49B94B4C1BD727C400BED7F5 /* RawUdacityServices.swift */; settings = {ASSET_TAGS = (); }; };
		49CD26E21BD5EFFB006E54DF /* FakeUserInfoService.swift in Sources */ = {isa = PBXBuildFile; fileRef = 49CD26E11BD5EFFB006E54DF /* FakeUserInfoService.swift */; settings = {ASSET_TAGS = (); }; };
		49CD26E41BD5F37D006E54DF /* UserInfo.swift in Sources */ = {isa = PBXBuildFile; fileRef = 49CD26E31BD5F37D006E54DF /* UserInfo.swift */; settings = {ASSET_TAGS = (); }; };
		49CD26E61BD5F392006E54DF /* UserInfoServiceable.swift in Sources */ = {isa = PBXBuildFile; fileRef = 49CD26E51BD5F392006E54DF /* UserInfoServiceable.swift */; settings = {ASSET_TAGS = (); }; };
		49F25FF91BC5ECF600F038ED /* Extensions.swift in Sources */ = {isa = PBXBuildFile; fileRef = 49F25FF81BC5ECF600F038ED /* Extensions.swift */; settings = {ASSET_TAGS = (); }; };
		49F25FFB1BCF2C1900F038ED /* LocationListViewController.swift in Sources */ = {isa = PBXBuildFile; fileRef = 49F25FFA1BCF2C1900F038ED /* LocationListViewController.swift */; settings = {ASSET_TAGS = (); }; };
/* End PBXBuildFile section */

/* Begin PBXContainerItemProxy section */
		4976A8851BBCB2210053C745 /* PBXContainerItemProxy */ = {
			isa = PBXContainerItemProxy;
			containerPortal = 4976A8651BBCB2210053C745 /* Project object */;
			proxyType = 1;
			remoteGlobalIDString = 4976A86C1BBCB2210053C745;
			remoteInfo = OnTheMap;
		};
		4976A8901BBCB2210053C745 /* PBXContainerItemProxy */ = {
			isa = PBXContainerItemProxy;
			containerPortal = 4976A8651BBCB2210053C745 /* Project object */;
			proxyType = 1;
			remoteGlobalIDString = 4976A86C1BBCB2210053C745;
			remoteInfo = OnTheMap;
		};
/* End PBXContainerItemProxy section */

/* Begin PBXFileReference section */
		4907B8311BC34C8000456DAB /* MapViewController.swift */ = {isa = PBXFileReference; fileEncoding = 4; lastKnownFileType = sourcecode.swift; path = MapViewController.swift; sourceTree = "<group>"; };
		4907B8331BC34DC900456DAB /* MapKit.framework */ = {isa = PBXFileReference; lastKnownFileType = wrapper.framework; name = MapKit.framework; path = System/Library/Frameworks/MapKit.framework; sourceTree = SDKROOT; };
		4907B8351BC34E3900456DAB /* StudentLocationsServiceable.swift */ = {isa = PBXFileReference; fileEncoding = 4; lastKnownFileType = sourcecode.swift; path = StudentLocationsServiceable.swift; sourceTree = "<group>"; };
		4907B8371BC3524700456DAB /* StudentLocation.swift */ = {isa = PBXFileReference; fileEncoding = 4; lastKnownFileType = sourcecode.swift; path = StudentLocation.swift; sourceTree = "<group>"; };
		4907B8391BC3538E00456DAB /* FakeStudentLocationService.swift */ = {isa = PBXFileReference; fileEncoding = 4; lastKnownFileType = sourcecode.swift; path = FakeStudentLocationService.swift; sourceTree = "<group>"; };
		4907B83B1BC3615500456DAB /* Random.swift */ = {isa = PBXFileReference; fileEncoding = 4; lastKnownFileType = sourcecode.swift; path = Random.swift; sourceTree = "<group>"; };
		496354C61BD1C78400F41515 /* StudentLocationViewControllerBase.swift */ = {isa = PBXFileReference; fileEncoding = 4; lastKnownFileType = sourcecode.swift; path = StudentLocationViewControllerBase.swift; sourceTree = "<group>"; };
		496354C81BD1D6D200F41515 /* NewLocationViewController.swift */ = {isa = PBXFileReference; fileEncoding = 4; lastKnownFileType = sourcecode.swift; path = NewLocationViewController.swift; sourceTree = "<group>"; };
		496354CA1BD4423700F41515 /* Locator.swift */ = {isa = PBXFileReference; fileEncoding = 4; lastKnownFileType = sourcecode.swift; name = Locator.swift; path = ../Locator.swift; sourceTree = "<group>"; };
		4976A86D1BBCB2210053C745 /* OnTheMap.app */ = {isa = PBXFileReference; explicitFileType = wrapper.application; includeInIndex = 0; path = OnTheMap.app; sourceTree = BUILT_PRODUCTS_DIR; };
		4976A8701BBCB2210053C745 /* AppDelegate.swift */ = {isa = PBXFileReference; lastKnownFileType = sourcecode.swift; path = AppDelegate.swift; sourceTree = "<group>"; };
		4976A8751BBCB2210053C745 /* Base */ = {isa = PBXFileReference; lastKnownFileType = file.storyboard; name = Base; path = Base.lproj/Main.storyboard; sourceTree = "<group>"; };
		4976A8781BBCB2210053C745 /* OnTheMap.xcdatamodel */ = {isa = PBXFileReference; lastKnownFileType = wrapper.xcdatamodel; path = OnTheMap.xcdatamodel; sourceTree = "<group>"; };
		4976A87A1BBCB2210053C745 /* Assets.xcassets */ = {isa = PBXFileReference; lastKnownFileType = folder.assetcatalog; path = Assets.xcassets; sourceTree = "<group>"; };
		4976A87D1BBCB2210053C745 /* Base */ = {isa = PBXFileReference; lastKnownFileType = file.storyboard; name = Base; path = Base.lproj/LaunchScreen.storyboard; sourceTree = "<group>"; };
		4976A87F1BBCB2210053C745 /* Info.plist */ = {isa = PBXFileReference; lastKnownFileType = text.plist.xml; path = Info.plist; sourceTree = "<group>"; };
		4976A8841BBCB2210053C745 /* OnTheMapTests.xctest */ = {isa = PBXFileReference; explicitFileType = wrapper.cfbundle; includeInIndex = 0; path = OnTheMapTests.xctest; sourceTree = BUILT_PRODUCTS_DIR; };
		4976A8881BBCB2210053C745 /* OnTheMapTests.swift */ = {isa = PBXFileReference; lastKnownFileType = sourcecode.swift; path = OnTheMapTests.swift; sourceTree = "<group>"; };
		4976A88A1BBCB2210053C745 /* Info.plist */ = {isa = PBXFileReference; lastKnownFileType = text.plist.xml; path = Info.plist; sourceTree = "<group>"; };
		4976A88F1BBCB2210053C745 /* OnTheMapUITests.xctest */ = {isa = PBXFileReference; explicitFileType = wrapper.cfbundle; includeInIndex = 0; path = OnTheMapUITests.xctest; sourceTree = BUILT_PRODUCTS_DIR; };
		4976A8931BBCB2210053C745 /* OnTheMapUITests.swift */ = {isa = PBXFileReference; lastKnownFileType = sourcecode.swift; path = OnTheMapUITests.swift; sourceTree = "<group>"; };
		4976A8951BBCB2210053C745 /* Info.plist */ = {isa = PBXFileReference; lastKnownFileType = text.plist.xml; path = Info.plist; sourceTree = "<group>"; };
		4976A8A11BBCBABB0053C745 /* LoginViewController.swift */ = {isa = PBXFileReference; fileEncoding = 4; lastKnownFileType = sourcecode.swift; path = LoginViewController.swift; sourceTree = "<group>"; };
		4976A8A41BBCBDFB0053C745 /* LoginServiceable.swift */ = {isa = PBXFileReference; fileEncoding = 4; lastKnownFileType = sourcecode.swift; path = LoginServiceable.swift; sourceTree = "<group>"; };
		4976A8A61BBCC1DA0053C745 /* LoginSession.swift */ = {isa = PBXFileReference; fileEncoding = 4; lastKnownFileType = sourcecode.swift; path = LoginSession.swift; sourceTree = "<group>"; };
		4976A8A91BBCC3C40053C745 /* FakeSessionService.swift */ = {isa = PBXFileReference; fileEncoding = 4; lastKnownFileType = sourcecode.swift; path = FakeSessionService.swift; sourceTree = "<group>"; };
		497AABD41BD5C12700546714 /* SingleButtonAlertMessager.swift */ = {isa = PBXFileReference; fileEncoding = 4; lastKnownFileType = sourcecode.swift; path = SingleButtonAlertMessager.swift; sourceTree = "<group>"; };
		497AABD61BD5D11800546714 /* MapNewLocationViewController.swift */ = {isa = PBXFileReference; fileEncoding = 4; lastKnownFileType = sourcecode.swift; path = MapNewLocationViewController.swift; sourceTree = "<group>"; };
		49B94B4C1BD727C400BED7F5 /* RawUdacityServices.swift */ = {isa = PBXFileReference; fileEncoding = 4; lastKnownFileType = sourcecode.swift; path = RawUdacityServices.swift; sourceTree = "<group>"; };
		49CD26E11BD5EFFB006E54DF /* FakeUserInfoService.swift */ = {isa = PBXFileReference; fileEncoding = 4; lastKnownFileType = sourcecode.swift; path = FakeUserInfoService.swift; sourceTree = "<group>"; };
		49CD26E31BD5F37D006E54DF /* UserInfo.swift */ = {isa = PBXFileReference; fileEncoding = 4; lastKnownFileType = sourcecode.swift; path = UserInfo.swift; sourceTree = "<group>"; };
		49CD26E51BD5F392006E54DF /* UserInfoServiceable.swift */ = {isa = PBXFileReference; fileEncoding = 4; lastKnownFileType = sourcecode.swift; path = UserInfoServiceable.swift; sourceTree = "<group>"; };
		49F25FF81BC5ECF600F038ED /* Extensions.swift */ = {isa = PBXFileReference; fileEncoding = 4; lastKnownFileType = sourcecode.swift; path = Extensions.swift; sourceTree = "<group>"; };
		49F25FFA1BCF2C1900F038ED /* LocationListViewController.swift */ = {isa = PBXFileReference; fileEncoding = 4; lastKnownFileType = sourcecode.swift; path = LocationListViewController.swift; sourceTree = "<group>"; };
/* End PBXFileReference section */

/* Begin PBXFrameworksBuildPhase section */
		4976A86A1BBCB2210053C745 /* Frameworks */ = {
			isa = PBXFrameworksBuildPhase;
			buildActionMask = 2147483647;
			files = (
				4907B8341BC34DC900456DAB /* MapKit.framework in Frameworks */,
			);
			runOnlyForDeploymentPostprocessing = 0;
		};
		4976A8811BBCB2210053C745 /* Frameworks */ = {
			isa = PBXFrameworksBuildPhase;
			buildActionMask = 2147483647;
			files = (
			);
			runOnlyForDeploymentPostprocessing = 0;
		};
		4976A88C1BBCB2210053C745 /* Frameworks */ = {
			isa = PBXFrameworksBuildPhase;
			buildActionMask = 2147483647;
			files = (
			);
			runOnlyForDeploymentPostprocessing = 0;
		};
/* End PBXFrameworksBuildPhase section */

/* Begin PBXGroup section */
		4976A8641BBCB2210053C745 = {
			isa = PBXGroup;
			children = (
				4907B8331BC34DC900456DAB /* MapKit.framework */,
				4976A86F1BBCB2210053C745 /* OnTheMap */,
				4976A8871BBCB2210053C745 /* OnTheMapTests */,
				4976A8921BBCB2210053C745 /* OnTheMapUITests */,
				4976A86E1BBCB2210053C745 /* Products */,
			);
			sourceTree = "<group>";
		};
		4976A86E1BBCB2210053C745 /* Products */ = {
			isa = PBXGroup;
			children = (
				4976A86D1BBCB2210053C745 /* OnTheMap.app */,
				4976A8841BBCB2210053C745 /* OnTheMapTests.xctest */,
				4976A88F1BBCB2210053C745 /* OnTheMapUITests.xctest */,
			);
			name = Products;
			sourceTree = "<group>";
		};
		4976A86F1BBCB2210053C745 /* OnTheMap */ = {
			isa = PBXGroup;
			children = (
				4976A8A31BBCBB610053C745 /* Common */,
				4976A8701BBCB2210053C745 /* AppDelegate.swift */,
				4976A8741BBCB2210053C745 /* Main.storyboard */,
				497AABD61BD5D11800546714 /* MapNewLocationViewController.swift */,
				4976A87A1BBCB2210053C745 /* Assets.xcassets */,
				4976A87C1BBCB2210053C745 /* LaunchScreen.storyboard */,
				4976A87F1BBCB2210053C745 /* Info.plist */,
				4976A8771BBCB2210053C745 /* OnTheMap.xcdatamodeld */,
				4976A8A11BBCBABB0053C745 /* LoginViewController.swift */,
				4907B8311BC34C8000456DAB /* MapViewController.swift */,
				49F25FFA1BCF2C1900F038ED /* LocationListViewController.swift */,
				496354C61BD1C78400F41515 /* StudentLocationViewControllerBase.swift */,
				496354C81BD1D6D200F41515 /* NewLocationViewController.swift */,
			);
			path = OnTheMap;
			sourceTree = "<group>";
		};
		4976A8871BBCB2210053C745 /* OnTheMapTests */ = {
			isa = PBXGroup;
			children = (
				4976A8881BBCB2210053C745 /* OnTheMapTests.swift */,
				4976A88A1BBCB2210053C745 /* Info.plist */,
			);
			path = OnTheMapTests;
			sourceTree = "<group>";
		};
		4976A8921BBCB2210053C745 /* OnTheMapUITests */ = {
			isa = PBXGroup;
			children = (
				4976A8931BBCB2210053C745 /* OnTheMapUITests.swift */,
				4976A8951BBCB2210053C745 /* Info.plist */,
			);
			path = OnTheMapUITests;
			sourceTree = "<group>";
		};
		4976A8A31BBCBB610053C745 /* Common */ = {
			isa = PBXGroup;
			children = (
				49B94B4B1BD727B300BED7F5 /* UdacityServices */,
				4976A8A81BBCC3B10053C745 /* FakeServices */,
				496354CA1BD4423700F41515 /* Locator.swift */,
				4976A8A41BBCBDFB0053C745 /* LoginServiceable.swift */,
				4976A8A61BBCC1DA0053C745 /* LoginSession.swift */,
				4907B8351BC34E3900456DAB /* StudentLocationsServiceable.swift */,
				4907B8371BC3524700456DAB /* StudentLocation.swift */,
				4907B83B1BC3615500456DAB /* Random.swift */,
				49F25FF81BC5ECF600F038ED /* Extensions.swift */,
				497AABD41BD5C12700546714 /* SingleButtonAlertMessager.swift */,
				49CD26E31BD5F37D006E54DF /* UserInfo.swift */,
				49CD26E51BD5F392006E54DF /* UserInfoServiceable.swift */,
			);
			name = Common;
			sourceTree = "<group>";
		};
		4976A8A81BBCC3B10053C745 /* FakeServices */ = {
			isa = PBXGroup;
			children = (
				4976A8A91BBCC3C40053C745 /* FakeSessionService.swift */,
				4907B8391BC3538E00456DAB /* FakeStudentLocationService.swift */,
				49CD26E11BD5EFFB006E54DF /* FakeUserInfoService.swift */,
			);
			name = FakeServices;
			sourceTree = "<group>";
		};
		49B94B4B1BD727B300BED7F5 /* UdacityServices */ = {
			isa = PBXGroup;
			children = (
				49B94B4C1BD727C400BED7F5 /* RawUdacityServices.swift */,
			);
			name = UdacityServices;
			sourceTree = "<group>";
		};
/* End PBXGroup section */

/* Begin PBXNativeTarget section */
		4976A86C1BBCB2210053C745 /* OnTheMap */ = {
			isa = PBXNativeTarget;
			buildConfigurationList = 4976A8981BBCB2210053C745 /* Build configuration list for PBXNativeTarget "OnTheMap" */;
			buildPhases = (
				4976A8691BBCB2210053C745 /* Sources */,
				4976A86A1BBCB2210053C745 /* Frameworks */,
				4976A86B1BBCB2210053C745 /* Resources */,
			);
			buildRules = (
			);
			dependencies = (
			);
			name = OnTheMap;
			productName = OnTheMap;
			productReference = 4976A86D1BBCB2210053C745 /* OnTheMap.app */;
			productType = "com.apple.product-type.application";
		};
		4976A8831BBCB2210053C745 /* OnTheMapTests */ = {
			isa = PBXNativeTarget;
			buildConfigurationList = 4976A89B1BBCB2210053C745 /* Build configuration list for PBXNativeTarget "OnTheMapTests" */;
			buildPhases = (
				4976A8801BBCB2210053C745 /* Sources */,
				4976A8811BBCB2210053C745 /* Frameworks */,
				4976A8821BBCB2210053C745 /* Resources */,
			);
			buildRules = (
			);
			dependencies = (
				4976A8861BBCB2210053C745 /* PBXTargetDependency */,
			);
			name = OnTheMapTests;
			productName = OnTheMapTests;
			productReference = 4976A8841BBCB2210053C745 /* OnTheMapTests.xctest */;
			productType = "com.apple.product-type.bundle.unit-test";
		};
		4976A88E1BBCB2210053C745 /* OnTheMapUITests */ = {
			isa = PBXNativeTarget;
			buildConfigurationList = 4976A89E1BBCB2210053C745 /* Build configuration list for PBXNativeTarget "OnTheMapUITests" */;
			buildPhases = (
				4976A88B1BBCB2210053C745 /* Sources */,
				4976A88C1BBCB2210053C745 /* Frameworks */,
				4976A88D1BBCB2210053C745 /* Resources */,
			);
			buildRules = (
			);
			dependencies = (
				4976A8911BBCB2210053C745 /* PBXTargetDependency */,
			);
			name = OnTheMapUITests;
			productName = OnTheMapUITests;
			productReference = 4976A88F1BBCB2210053C745 /* OnTheMapUITests.xctest */;
			productType = "com.apple.product-type.bundle.ui-testing";
		};
/* End PBXNativeTarget section */

/* Begin PBXProject section */
		4976A8651BBCB2210053C745 /* Project object */ = {
			isa = PBXProject;
			attributes = {
				LastUpgradeCheck = 0700;
				ORGANIZATIONNAME = "Alex Pendleton";
				TargetAttributes = {
					4976A86C1BBCB2210053C745 = {
						CreatedOnToolsVersion = 7.0;
					};
					4976A8831BBCB2210053C745 = {
						CreatedOnToolsVersion = 7.0;
						TestTargetID = 4976A86C1BBCB2210053C745;
					};
					4976A88E1BBCB2210053C745 = {
						CreatedOnToolsVersion = 7.0;
						TestTargetID = 4976A86C1BBCB2210053C745;
					};
				};
			};
			buildConfigurationList = 4976A8681BBCB2210053C745 /* Build configuration list for PBXProject "OnTheMap" */;
			compatibilityVersion = "Xcode 3.2";
			developmentRegion = English;
			hasScannedForEncodings = 0;
			knownRegions = (
				en,
				Base,
			);
			mainGroup = 4976A8641BBCB2210053C745;
			productRefGroup = 4976A86E1BBCB2210053C745 /* Products */;
			projectDirPath = "";
			projectRoot = "";
			targets = (
				4976A86C1BBCB2210053C745 /* OnTheMap */,
				4976A8831BBCB2210053C745 /* OnTheMapTests */,
				4976A88E1BBCB2210053C745 /* OnTheMapUITests */,
			);
		};
/* End PBXProject section */

/* Begin PBXResourcesBuildPhase section */
		4976A86B1BBCB2210053C745 /* Resources */ = {
			isa = PBXResourcesBuildPhase;
			buildActionMask = 2147483647;
			files = (
				4976A87E1BBCB2210053C745 /* LaunchScreen.storyboard in Resources */,
				4976A87B1BBCB2210053C745 /* Assets.xcassets in Resources */,
				4976A8761BBCB2210053C745 /* Main.storyboard in Resources */,
			);
			runOnlyForDeploymentPostprocessing = 0;
		};
		4976A8821BBCB2210053C745 /* Resources */ = {
			isa = PBXResourcesBuildPhase;
			buildActionMask = 2147483647;
			files = (
			);
			runOnlyForDeploymentPostprocessing = 0;
		};
		4976A88D1BBCB2210053C745 /* Resources */ = {
			isa = PBXResourcesBuildPhase;
			buildActionMask = 2147483647;
			files = (
			);
			runOnlyForDeploymentPostprocessing = 0;
		};
/* End PBXResourcesBuildPhase section */

/* Begin PBXSourcesBuildPhase section */
		4976A8691BBCB2210053C745 /* Sources */ = {
			isa = PBXSourcesBuildPhase;
			buildActionMask = 2147483647;
			files = (
				4976A8A21BBCBABB0053C745 /* LoginViewController.swift in Sources */,
				49F25FF91BC5ECF600F038ED /* Extensions.swift in Sources */,
				497AABD51BD5C12700546714 /* SingleButtonAlertMessager.swift in Sources */,
				4907B83A1BC3538E00456DAB /* FakeStudentLocationService.swift in Sources */,
				49B94B4D1BD727C400BED7F5 /* RawUdacityServices.swift in Sources */,
				496354C91BD1D6D200F41515 /* NewLocationViewController.swift in Sources */,
				497AABD71BD5D11800546714 /* MapNewLocationViewController.swift in Sources */,
				49CD26E61BD5F392006E54DF /* UserInfoServiceable.swift in Sources */,
				4907B8361BC34E3900456DAB /* StudentLocationsServiceable.swift in Sources */,
				4976A8A51BBCBDFB0053C745 /* LoginServiceable.swift in Sources */,
				49CD26E41BD5F37D006E54DF /* UserInfo.swift in Sources */,
				4976A8791BBCB2210053C745 /* OnTheMap.xcdatamodeld in Sources */,
				4976A8A71BBCC1DA0053C745 /* LoginSession.swift in Sources */,
				496354C71BD1C78400F41515 /* StudentLocationViewControllerBase.swift in Sources */,
				4976A8AA1BBCC3C40053C745 /* FakeSessionService.swift in Sources */,
				4907B83C1BC3615500456DAB /* Random.swift in Sources */,
				49F25FFB1BCF2C1900F038ED /* LocationListViewController.swift in Sources */,
				496354CB1BD4423700F41515 /* Locator.swift in Sources */,
				49CD26E21BD5EFFB006E54DF /* FakeUserInfoService.swift in Sources */,
				4976A8711BBCB2210053C745 /* AppDelegate.swift in Sources */,
				4907B8381BC3524700456DAB /* StudentLocation.swift in Sources */,
				4907B8321BC34C8000456DAB /* MapViewController.swift in Sources */,
			);
			runOnlyForDeploymentPostprocessing = 0;
		};
		4976A8801BBCB2210053C745 /* Sources */ = {
			isa = PBXSourcesBuildPhase;
			buildActionMask = 2147483647;
			files = (
				4976A8891BBCB2210053C745 /* OnTheMapTests.swift in Sources */,
			);
			runOnlyForDeploymentPostprocessing = 0;
		};
		4976A88B1BBCB2210053C745 /* Sources */ = {
			isa = PBXSourcesBuildPhase;
			buildActionMask = 2147483647;
			files = (
				4976A8941BBCB2210053C745 /* OnTheMapUITests.swift in Sources */,
			);
			runOnlyForDeploymentPostprocessing = 0;
		};
/* End PBXSourcesBuildPhase section */

/* Begin PBXTargetDependency section */
		4976A8861BBCB2210053C745 /* PBXTargetDependency */ = {
			isa = PBXTargetDependency;
			target = 4976A86C1BBCB2210053C745 /* OnTheMap */;
			targetProxy = 4976A8851BBCB2210053C745 /* PBXContainerItemProxy */;
		};
		4976A8911BBCB2210053C745 /* PBXTargetDependency */ = {
			isa = PBXTargetDependency;
			target = 4976A86C1BBCB2210053C745 /* OnTheMap */;
			targetProxy = 4976A8901BBCB2210053C745 /* PBXContainerItemProxy */;
		};
/* End PBXTargetDependency section */

/* Begin PBXVariantGroup section */
		4976A8741BBCB2210053C745 /* Main.storyboard */ = {
			isa = PBXVariantGroup;
			children = (
				4976A8751BBCB2210053C745 /* Base */,
			);
			name = Main.storyboard;
			sourceTree = "<group>";
		};
		4976A87C1BBCB2210053C745 /* LaunchScreen.storyboard */ = {
			isa = PBXVariantGroup;
			children = (
				4976A87D1BBCB2210053C745 /* Base */,
			);
			name = LaunchScreen.storyboard;
			sourceTree = "<group>";
		};
/* End PBXVariantGroup section */

/* Begin XCBuildConfiguration section */
		4976A8961BBCB2210053C745 /* Debug */ = {
			isa = XCBuildConfiguration;
			buildSettings = {
				ALWAYS_SEARCH_USER_PATHS = NO;
				CLANG_CXX_LANGUAGE_STANDARD = "gnu++0x";
				CLANG_CXX_LIBRARY = "libc++";
				CLANG_ENABLE_MODULES = YES;
				CLANG_ENABLE_OBJC_ARC = YES;
				CLANG_WARN_BOOL_CONVERSION = YES;
				CLANG_WARN_CONSTANT_CONVERSION = YES;
				CLANG_WARN_DIRECT_OBJC_ISA_USAGE = YES_ERROR;
				CLANG_WARN_EMPTY_BODY = YES;
				CLANG_WARN_ENUM_CONVERSION = YES;
				CLANG_WARN_INT_CONVERSION = YES;
				CLANG_WARN_OBJC_ROOT_CLASS = YES_ERROR;
				CLANG_WARN_UNREACHABLE_CODE = YES;
				CLANG_WARN__DUPLICATE_METHOD_MATCH = YES;
				"CODE_SIGN_IDENTITY[sdk=iphoneos*]" = "iPhone Developer";
				COPY_PHASE_STRIP = NO;
				DEBUG_INFORMATION_FORMAT = dwarf;
				ENABLE_STRICT_OBJC_MSGSEND = YES;
				ENABLE_TESTABILITY = YES;
				GCC_C_LANGUAGE_STANDARD = gnu99;
				GCC_DYNAMIC_NO_PIC = NO;
				GCC_NO_COMMON_BLOCKS = YES;
				GCC_OPTIMIZATION_LEVEL = 0;
				GCC_PREPROCESSOR_DEFINITIONS = (
					"DEBUG=1",
					"$(inherited)",
				);
				GCC_WARN_64_TO_32_BIT_CONVERSION = YES;
				GCC_WARN_ABOUT_RETURN_TYPE = YES_ERROR;
				GCC_WARN_UNDECLARED_SELECTOR = YES;
				GCC_WARN_UNINITIALIZED_AUTOS = YES_AGGRESSIVE;
				GCC_WARN_UNUSED_FUNCTION = YES;
				GCC_WARN_UNUSED_VARIABLE = YES;
				IPHONEOS_DEPLOYMENT_TARGET = 9.0;
				MTL_ENABLE_DEBUG_INFO = YES;
				ONLY_ACTIVE_ARCH = YES;
				SDKROOT = iphoneos;
				SWIFT_OPTIMIZATION_LEVEL = "-Onone";
				TARGETED_DEVICE_FAMILY = "1,2";
			};
			name = Debug;
		};
		4976A8971BBCB2210053C745 /* Release */ = {
			isa = XCBuildConfiguration;
			buildSettings = {
				ALWAYS_SEARCH_USER_PATHS = NO;
				CLANG_CXX_LANGUAGE_STANDARD = "gnu++0x";
				CLANG_CXX_LIBRARY = "libc++";
				CLANG_ENABLE_MODULES = YES;
				CLANG_ENABLE_OBJC_ARC = YES;
				CLANG_WARN_BOOL_CONVERSION = YES;
				CLANG_WARN_CONSTANT_CONVERSION = YES;
				CLANG_WARN_DIRECT_OBJC_ISA_USAGE = YES_ERROR;
				CLANG_WARN_EMPTY_BODY = YES;
				CLANG_WARN_ENUM_CONVERSION = YES;
				CLANG_WARN_INT_CONVERSION = YES;
				CLANG_WARN_OBJC_ROOT_CLASS = YES_ERROR;
				CLANG_WARN_UNREACHABLE_CODE = YES;
				CLANG_WARN__DUPLICATE_METHOD_MATCH = YES;
				"CODE_SIGN_IDENTITY[sdk=iphoneos*]" = "iPhone Developer";
				COPY_PHASE_STRIP = NO;
				DEBUG_INFORMATION_FORMAT = "dwarf-with-dsym";
				ENABLE_NS_ASSERTIONS = NO;
				ENABLE_STRICT_OBJC_MSGSEND = YES;
				GCC_C_LANGUAGE_STANDARD = gnu99;
				GCC_NO_COMMON_BLOCKS = YES;
				GCC_WARN_64_TO_32_BIT_CONVERSION = YES;
				GCC_WARN_ABOUT_RETURN_TYPE = YES_ERROR;
				GCC_WARN_UNDECLARED_SELECTOR = YES;
				GCC_WARN_UNINITIALIZED_AUTOS = YES_AGGRESSIVE;
				GCC_WARN_UNUSED_FUNCTION = YES;
				GCC_WARN_UNUSED_VARIABLE = YES;
				IPHONEOS_DEPLOYMENT_TARGET = 9.0;
				MTL_ENABLE_DEBUG_INFO = NO;
				SDKROOT = iphoneos;
				TARGETED_DEVICE_FAMILY = "1,2";
				VALIDATE_PRODUCT = YES;
			};
			name = Release;
		};
		4976A8991BBCB2210053C745 /* Debug */ = {
			isa = XCBuildConfiguration;
			buildSettings = {
				ASSETCATALOG_COMPILER_APPICON_NAME = AppIcon;
				INFOPLIST_FILE = OnTheMap/Info.plist;
				LD_RUNPATH_SEARCH_PATHS = "$(inherited) @executable_path/Frameworks";
				PRODUCT_BUNDLE_IDENTIFIER = com.alexcpendleton.OnTheMap;
				PRODUCT_NAME = "$(TARGET_NAME)";
			};
			name = Debug;
		};
		4976A89A1BBCB2210053C745 /* Release */ = {
			isa = XCBuildConfiguration;
			buildSettings = {
				ASSETCATALOG_COMPILER_APPICON_NAME = AppIcon;
				INFOPLIST_FILE = OnTheMap/Info.plist;
				LD_RUNPATH_SEARCH_PATHS = "$(inherited) @executable_path/Frameworks";
				PRODUCT_BUNDLE_IDENTIFIER = com.alexcpendleton.OnTheMap;
				PRODUCT_NAME = "$(TARGET_NAME)";
			};
			name = Release;
		};
		4976A89C1BBCB2210053C745 /* Debug */ = {
			isa = XCBuildConfiguration;
			buildSettings = {
				BUNDLE_LOADER = "$(TEST_HOST)";
				INFOPLIST_FILE = OnTheMapTests/Info.plist;
				LD_RUNPATH_SEARCH_PATHS = "$(inherited) @executable_path/Frameworks @loader_path/Frameworks";
				PRODUCT_BUNDLE_IDENTIFIER = com.alexcpendleton.OnTheMapTests;
				PRODUCT_NAME = "$(TARGET_NAME)";
				TEST_HOST = "$(BUILT_PRODUCTS_DIR)/OnTheMap.app/OnTheMap";
			};
			name = Debug;
		};
		4976A89D1BBCB2210053C745 /* Release */ = {
			isa = XCBuildConfiguration;
			buildSettings = {
				BUNDLE_LOADER = "$(TEST_HOST)";
				INFOPLIST_FILE = OnTheMapTests/Info.plist;
				LD_RUNPATH_SEARCH_PATHS = "$(inherited) @executable_path/Frameworks @loader_path/Frameworks";
				PRODUCT_BUNDLE_IDENTIFIER = com.alexcpendleton.OnTheMapTests;
				PRODUCT_NAME = "$(TARGET_NAME)";
				TEST_HOST = "$(BUILT_PRODUCTS_DIR)/OnTheMap.app/OnTheMap";
			};
			name = Release;
		};
		4976A89F1BBCB2210053C745 /* Debug */ = {
			isa = XCBuildConfiguration;
			buildSettings = {
				INFOPLIST_FILE = OnTheMapUITests/Info.plist;
				LD_RUNPATH_SEARCH_PATHS = "$(inherited) @executable_path/Frameworks @loader_path/Frameworks";
				PRODUCT_BUNDLE_IDENTIFIER = com.alexcpendleton.OnTheMapUITests;
				PRODUCT_NAME = "$(TARGET_NAME)";
				TEST_TARGET_NAME = OnTheMap;
				USES_XCTRUNNER = YES;
			};
			name = Debug;
		};
		4976A8A01BBCB2210053C745 /* Release */ = {
			isa = XCBuildConfiguration;
			buildSettings = {
				INFOPLIST_FILE = OnTheMapUITests/Info.plist;
				LD_RUNPATH_SEARCH_PATHS = "$(inherited) @executable_path/Frameworks @loader_path/Frameworks";
				PRODUCT_BUNDLE_IDENTIFIER = com.alexcpendleton.OnTheMapUITests;
				PRODUCT_NAME = "$(TARGET_NAME)";
				TEST_TARGET_NAME = OnTheMap;
				USES_XCTRUNNER = YES;
			};
			name = Release;
		};
/* End XCBuildConfiguration section */

/* Begin XCConfigurationList section */
		4976A8681BBCB2210053C745 /* Build configuration list for PBXProject "OnTheMap" */ = {
			isa = XCConfigurationList;
			buildConfigurations = (
				4976A8961BBCB2210053C745 /* Debug */,
				4976A8971BBCB2210053C745 /* Release */,
			);
			defaultConfigurationIsVisible = 0;
			defaultConfigurationName = Release;
		};
		4976A8981BBCB2210053C745 /* Build configuration list for PBXNativeTarget "OnTheMap" */ = {
			isa = XCConfigurationList;
			buildConfigurations = (
				4976A8991BBCB2210053C745 /* Debug */,
				4976A89A1BBCB2210053C745 /* Release */,
			);
			defaultConfigurationIsVisible = 0;
			defaultConfigurationName = Release;
		};
		4976A89B1BBCB2210053C745 /* Build configuration list for PBXNativeTarget "OnTheMapTests" */ = {
			isa = XCConfigurationList;
			buildConfigurations = (
				4976A89C1BBCB2210053C745 /* Debug */,
				4976A89D1BBCB2210053C745 /* Release */,
			);
			defaultConfigurationIsVisible = 0;
			defaultConfigurationName = Release;
		};
		4976A89E1BBCB2210053C745 /* Build configuration list for PBXNativeTarget "OnTheMapUITests" */ = {
			isa = XCConfigurationList;
			buildConfigurations = (
				4976A89F1BBCB2210053C745 /* Debug */,
				4976A8A01BBCB2210053C745 /* Release */,
			);
			defaultConfigurationIsVisible = 0;
			defaultConfigurationName = Release;
		};
/* End XCConfigurationList section */

/* Begin XCVersionGroup section */
		4976A8771BBCB2210053C745 /* OnTheMap.xcdatamodeld */ = {
			isa = XCVersionGroup;
			children = (
				4976A8781BBCB2210053C745 /* OnTheMap.xcdatamodel */,
			);
			currentVersion = 4976A8781BBCB2210053C745 /* OnTheMap.xcdatamodel */;
			path = OnTheMap.xcdatamodeld;
			sourceTree = "<group>";
			versionGroupType = wrapper.xcdatamodel;
		};
/* End XCVersionGroup section */
	};
	rootObject = 4976A8651BBCB2210053C745 /* Project object */;
}
